
Microsoft Visual Studio Solution File, Format Version 12.00
# Visual Studio Version 17
VisualStudioVersion = 17.1.32328.378
MinimumVisualStudioVersion = 10.0.40219.1
Project("{9A19103F-16F7-4668-BE54-9A1E7A4F7556}") = "iHome", "iHome.csproj", "{1D086E34-FF63-412A-A2BE-AEFEDCADB4A1}"
EndProject
Global
	GlobalSection(SolutionConfigurationPlatforms) = preSolution
		Debug|Any CPU = Debug|Any CPU
		Release|Any CPU = Release|Any CPU
	EndGlobalSection
	GlobalSection(ProjectConfigurationPlatforms) = postSolution
		{1D086E34-FF63-412A-A2BE-AEFEDCADB4A1}.Debug|Any CPU.ActiveCfg = Debug|Any CPU
		{1D086E34-FF63-412A-A2BE-AEFEDCADB4A1}.Debug|Any CPU.Build.0 = Debug|Any CPU
		{1D086E34-FF63-412A-A2BE-AEFEDCADB4A1}.Release|Any CPU.ActiveCfg = Release|Any CPU
		{1D086E34-FF63-412A-A2BE-AEFEDCADB4A1}.Release|Any CPU.Build.0 = Release|Any CPU
		{69978B0E-B65F-46E0-9D49-00A1B41D4E76}.Debug|Any CPU.ActiveCfg = Debug|Any CPU
		{69978B0E-B65F-46E0-9D49-00A1B41D4E76}.Debug|Any CPU.Build.0 = Debug|Any CPU
		{69978B0E-B65F-46E0-9D49-00A1B41D4E76}.Debug|Any CPU.Deploy.0 = Debug|Any CPU
		{69978B0E-B65F-46E0-9D49-00A1B41D4E76}.Release|Any CPU.ActiveCfg = Release|Any CPU
		{69978B0E-B65F-46E0-9D49-00A1B41D4E76}.Release|Any CPU.Build.0 = Release|Any CPU
		{69978B0E-B65F-46E0-9D49-00A1B41D4E76}.Release|Any CPU.Deploy.0 = Release|Any CPU
	EndGlobalSection
	GlobalSection(SolutionProperties) = preSolution
		HideSolutionNode = FALSE
	EndGlobalSection
	GlobalSection(ExtensibilityGlobals) = postSolution
		SolutionGuid = {65C2581B-7E7C-4CB8-AC56-F642F78EFA5F}
	EndGlobalSection
EndGlobal
