
Microsoft Visual Studio Solution File, Format Version 12.00
# Visual Studio Version 17
VisualStudioVersion = 17.5.33530.505
MinimumVisualStudioVersion = 10.0.40219.1
Project("{9A19103F-16F7-4668-BE54-9A1E7A4F7556}") = "iHome.Jobs.Events.Scheduler", "iHome.Jobs.Events.Scheduler\iHome.Jobs.Events.Scheduler.csproj", "{3860FFB4-4C27-439C-AFBB-D076A8DCF80A}"
EndProject
Project("{9A19103F-16F7-4668-BE54-9A1E7A4F7556}") = "iHome.Jobs.Events.EventsExecutor", "iHome.Jobs.Events.EventsExecutor\iHome.Jobs.Events.EventsExecutor.csproj", "{656CD878-C1F0-4E48-ACCF-C887E23BCB82}"
EndProject
Project("{9A19103F-16F7-4668-BE54-9A1E7A4F7556}") = "iHome.Jobs.Events.Infrastructure", "iHome.Jobs.Events.Infrastructure\iHome.Jobs.Events.Infrastructure.csproj", "{38607E66-2030-4FB6-A2F4-074C6C0FBFD6}"
EndProject
Global
	GlobalSection(SolutionConfigurationPlatforms) = preSolution
		Debug|Any CPU = Debug|Any CPU
		Release|Any CPU = Release|Any CPU
	EndGlobalSection
	GlobalSection(ProjectConfigurationPlatforms) = postSolution
		{3860FFB4-4C27-439C-AFBB-D076A8DCF80A}.Debug|Any CPU.ActiveCfg = Debug|Any CPU
		{3860FFB4-4C27-439C-AFBB-D076A8DCF80A}.Debug|Any CPU.Build.0 = Debug|Any CPU
		{3860FFB4-4C27-439C-AFBB-D076A8DCF80A}.Release|Any CPU.ActiveCfg = Release|Any CPU
		{3860FFB4-4C27-439C-AFBB-D076A8DCF80A}.Release|Any CPU.Build.0 = Release|Any CPU
		{656CD878-C1F0-4E48-ACCF-C887E23BCB82}.Debug|Any CPU.ActiveCfg = Debug|Any CPU
		{656CD878-C1F0-4E48-ACCF-C887E23BCB82}.Debug|Any CPU.Build.0 = Debug|Any CPU
		{656CD878-C1F0-4E48-ACCF-C887E23BCB82}.Release|Any CPU.ActiveCfg = Release|Any CPU
		{656CD878-C1F0-4E48-ACCF-C887E23BCB82}.Release|Any CPU.Build.0 = Release|Any CPU
		{38607E66-2030-4FB6-A2F4-074C6C0FBFD6}.Debug|Any CPU.ActiveCfg = Debug|Any CPU
		{38607E66-2030-4FB6-A2F4-074C6C0FBFD6}.Debug|Any CPU.Build.0 = Debug|Any CPU
		{38607E66-2030-4FB6-A2F4-074C6C0FBFD6}.Release|Any CPU.ActiveCfg = Release|Any CPU
		{38607E66-2030-4FB6-A2F4-074C6C0FBFD6}.Release|Any CPU.Build.0 = Release|Any CPU
	EndGlobalSection
	GlobalSection(SolutionProperties) = preSolution
		HideSolutionNode = FALSE
	EndGlobalSection
	GlobalSection(ExtensibilityGlobals) = postSolution
		SolutionGuid = {6D0AF733-9747-478E-90AC-F5B6B6E90260}
	EndGlobalSection
EndGlobal
