
Microsoft Visual Studio Solution File, Format Version 12.00
# Visual Studio Version 17
VisualStudioVersion = 17.5.33530.505
MinimumVisualStudioVersion = 10.0.40219.1
Project("{9A19103F-16F7-4668-BE54-9A1E7A4F7556}") = "iHome.Microservices.Devices", "iHome.Microservices.Devices\iHome.Microservices.Devices.csproj", "{A8C28ABC-AECB-414A-8ADF-4FF82FAAA98A}"
EndProject
Project("{9A19103F-16F7-4668-BE54-9A1E7A4F7556}") = "iHome.Microservices.Devices.Contract", "iHome.Microservices.Devices.Contract\iHome.Microservices.Devices.Contract.csproj", "{FFDBC816-FE6B-4393-85A2-4157E550710B}"
EndProject
Project("{9A19103F-16F7-4668-BE54-9A1E7A4F7556}") = "iHome.Microservices.Devices.Infrastructure", "iHome.Microservices.Devices.Infrastructure\iHome.Microservices.Devices.Infrastructure.csproj", "{48EAE901-33B6-48FA-807F-8D1EF243F900}"
EndProject
Project("{FAE04EC0-301F-11D3-BF4B-00C04F79EFBC}") = "iHome.Infrastructure.Firestore", "iHome.Infrastructure.Firestore\iHome.Infrastructure.Firestore.csproj", "{D639E0E4-76A8-4391-8D12-045A71A78FDF}"
EndProject
Global
	GlobalSection(SolutionConfigurationPlatforms) = preSolution
		Debug|Any CPU = Debug|Any CPU
		Release|Any CPU = Release|Any CPU
	EndGlobalSection
	GlobalSection(ProjectConfigurationPlatforms) = postSolution
		{A8C28ABC-AECB-414A-8ADF-4FF82FAAA98A}.Debug|Any CPU.ActiveCfg = Debug|Any CPU
		{A8C28ABC-AECB-414A-8ADF-4FF82FAAA98A}.Debug|Any CPU.Build.0 = Debug|Any CPU
		{A8C28ABC-AECB-414A-8ADF-4FF82FAAA98A}.Release|Any CPU.ActiveCfg = Release|Any CPU
		{A8C28ABC-AECB-414A-8ADF-4FF82FAAA98A}.Release|Any CPU.Build.0 = Release|Any CPU
		{FFDBC816-FE6B-4393-85A2-4157E550710B}.Debug|Any CPU.ActiveCfg = Debug|Any CPU
		{FFDBC816-FE6B-4393-85A2-4157E550710B}.Debug|Any CPU.Build.0 = Debug|Any CPU
		{FFDBC816-FE6B-4393-85A2-4157E550710B}.Release|Any CPU.ActiveCfg = Release|Any CPU
		{FFDBC816-FE6B-4393-85A2-4157E550710B}.Release|Any CPU.Build.0 = Release|Any CPU
		{48EAE901-33B6-48FA-807F-8D1EF243F900}.Debug|Any CPU.ActiveCfg = Debug|Any CPU
		{48EAE901-33B6-48FA-807F-8D1EF243F900}.Debug|Any CPU.Build.0 = Debug|Any CPU
		{48EAE901-33B6-48FA-807F-8D1EF243F900}.Release|Any CPU.ActiveCfg = Release|Any CPU
		{48EAE901-33B6-48FA-807F-8D1EF243F900}.Release|Any CPU.Build.0 = Release|Any CPU
		{D639E0E4-76A8-4391-8D12-045A71A78FDF}.Debug|Any CPU.ActiveCfg = Debug|Any CPU
		{D639E0E4-76A8-4391-8D12-045A71A78FDF}.Debug|Any CPU.Build.0 = Debug|Any CPU
		{D639E0E4-76A8-4391-8D12-045A71A78FDF}.Release|Any CPU.ActiveCfg = Release|Any CPU
		{D639E0E4-76A8-4391-8D12-045A71A78FDF}.Release|Any CPU.Build.0 = Release|Any CPU
	EndGlobalSection
	GlobalSection(SolutionProperties) = preSolution
		HideSolutionNode = FALSE
	EndGlobalSection
	GlobalSection(ExtensibilityGlobals) = postSolution
		SolutionGuid = {BCBB9D76-397D-4A18-8DA7-31C3B75B3F0D}
	EndGlobalSection
EndGlobal
