
Microsoft Visual Studio Solution File, Format Version 12.00
# Visual Studio Version 17
VisualStudioVersion = 17.1.32328.378
MinimumVisualStudioVersion = 10.0.40219.1
Project("{9A19103F-16F7-4668-BE54-9A1E7A4F7556}") = "iHome.Backend", "iHome.Backend\iHome.Backend.csproj", "{1D086E34-FF63-412A-A2BE-AEFEDCADB4A1}"
EndProject
Project("{9A19103F-16F7-4668-BE54-9A1E7A4F7556}") = "iHome.Mobile", "iHome.Mobile\iHome.Mobile.csproj", "{FEEC16A1-A3ED-4C5B-B08F-CE833687FEC6}"
EndProject
Project("{9A19103F-16F7-4668-BE54-9A1E7A4F7556}") = "iHome.Core", "iHome.Core\iHome.Core.csproj", "{915332AD-F356-4FC1-9CF7-894018FF9AFD}"
EndProject
Project("{9A19103F-16F7-4668-BE54-9A1E7A4F7556}") = "iHome.AzureFunctions", "iHome.AzureFunctions\iHome.AzureFunctions.csproj", "{FCFDB271-C73B-4C13-A544-12B8A96BE102}"
EndProject
Global
	GlobalSection(SolutionConfigurationPlatforms) = preSolution
		Debug|Any CPU = Debug|Any CPU
		Release|Any CPU = Release|Any CPU
	EndGlobalSection
	GlobalSection(ProjectConfigurationPlatforms) = postSolution
		{1D086E34-FF63-412A-A2BE-AEFEDCADB4A1}.Debug|Any CPU.ActiveCfg = Debug|Any CPU
		{1D086E34-FF63-412A-A2BE-AEFEDCADB4A1}.Debug|Any CPU.Build.0 = Debug|Any CPU
		{1D086E34-FF63-412A-A2BE-AEFEDCADB4A1}.Release|Any CPU.ActiveCfg = Release|Any CPU
		{1D086E34-FF63-412A-A2BE-AEFEDCADB4A1}.Release|Any CPU.Build.0 = Release|Any CPU
		{FEEC16A1-A3ED-4C5B-B08F-CE833687FEC6}.Debug|Any CPU.ActiveCfg = Debug|Any CPU
		{FEEC16A1-A3ED-4C5B-B08F-CE833687FEC6}.Debug|Any CPU.Build.0 = Debug|Any CPU
		{FEEC16A1-A3ED-4C5B-B08F-CE833687FEC6}.Debug|Any CPU.Deploy.0 = Debug|Any CPU
		{FEEC16A1-A3ED-4C5B-B08F-CE833687FEC6}.Release|Any CPU.ActiveCfg = Release|Any CPU
		{FEEC16A1-A3ED-4C5B-B08F-CE833687FEC6}.Release|Any CPU.Build.0 = Release|Any CPU
		{FEEC16A1-A3ED-4C5B-B08F-CE833687FEC6}.Release|Any CPU.Deploy.0 = Release|Any CPU
		{915332AD-F356-4FC1-9CF7-894018FF9AFD}.Debug|Any CPU.ActiveCfg = Debug|Any CPU
		{915332AD-F356-4FC1-9CF7-894018FF9AFD}.Debug|Any CPU.Build.0 = Debug|Any CPU
		{915332AD-F356-4FC1-9CF7-894018FF9AFD}.Release|Any CPU.ActiveCfg = Release|Any CPU
		{915332AD-F356-4FC1-9CF7-894018FF9AFD}.Release|Any CPU.Build.0 = Release|Any CPU
		{FCFDB271-C73B-4C13-A544-12B8A96BE102}.Debug|Any CPU.ActiveCfg = Debug|Any CPU
		{FCFDB271-C73B-4C13-A544-12B8A96BE102}.Debug|Any CPU.Build.0 = Debug|Any CPU
		{FCFDB271-C73B-4C13-A544-12B8A96BE102}.Release|Any CPU.ActiveCfg = Release|Any CPU
		{FCFDB271-C73B-4C13-A544-12B8A96BE102}.Release|Any CPU.Build.0 = Release|Any CPU
	EndGlobalSection
	GlobalSection(SolutionProperties) = preSolution
		HideSolutionNode = FALSE
	EndGlobalSection
	GlobalSection(ExtensibilityGlobals) = postSolution
		SolutionGuid = {65C2581B-7E7C-4CB8-AC56-F642F78EFA5F}
	EndGlobalSection
EndGlobal
