
Microsoft Visual Studio Solution File, Format Version 12.00
# Visual Studio Version 17
VisualStudioVersion = 17.4.33205.214
MinimumVisualStudioVersion = 10.0.40219.1
Project("{9A19103F-16F7-4668-BE54-9A1E7A4F7556}") = "iHome", "iHome\iHome.csproj", "{F6E08B63-EA1C-4EC1-8CF5-7C3C0F59E3BD}"
EndProject
Project("{9A19103F-16F7-4668-BE54-9A1E7A4F7556}") = "iHome.Core", "iHome.Core\iHome.Core.csproj", "{11F549E4-78DB-493D-B3CB-C01862198A72}"
EndProject
Project("{9A19103F-16F7-4668-BE54-9A1E7A4F7556}") = "iHome.Infrastructure.Queue", "iHome.Infrastructure.Queue\iHome.Infrastructure.Queue.csproj", "{2F6506EC-5A50-4E23-826C-2B2A6B6C970D}"
EndProject
Project("{9A19103F-16F7-4668-BE54-9A1E7A4F7556}") = "iHome.Core.Tests", "iHome.Core.Tests\iHome.Core.Tests.csproj", "{B9D68B85-3DC1-4D2E-9F24-5B0C6CC01E2C}"
EndProject
Project("{2150E333-8FDC-42A3-9474-1A3956D46DE8}") = "Tests", "Tests", "{0B584887-2761-4F20-A2BD-C84302111015}"
EndProject
Global
	GlobalSection(SolutionConfigurationPlatforms) = preSolution
		Debug|Any CPU = Debug|Any CPU
		Release|Any CPU = Release|Any CPU
	EndGlobalSection
	GlobalSection(ProjectConfigurationPlatforms) = postSolution
		{F6E08B63-EA1C-4EC1-8CF5-7C3C0F59E3BD}.Debug|Any CPU.ActiveCfg = Debug|Any CPU
		{F6E08B63-EA1C-4EC1-8CF5-7C3C0F59E3BD}.Debug|Any CPU.Build.0 = Debug|Any CPU
		{F6E08B63-EA1C-4EC1-8CF5-7C3C0F59E3BD}.Release|Any CPU.ActiveCfg = Release|Any CPU
		{F6E08B63-EA1C-4EC1-8CF5-7C3C0F59E3BD}.Release|Any CPU.Build.0 = Release|Any CPU
		{11F549E4-78DB-493D-B3CB-C01862198A72}.Debug|Any CPU.ActiveCfg = Debug|Any CPU
		{11F549E4-78DB-493D-B3CB-C01862198A72}.Debug|Any CPU.Build.0 = Debug|Any CPU
		{11F549E4-78DB-493D-B3CB-C01862198A72}.Release|Any CPU.ActiveCfg = Release|Any CPU
		{11F549E4-78DB-493D-B3CB-C01862198A72}.Release|Any CPU.Build.0 = Release|Any CPU
		{2F6506EC-5A50-4E23-826C-2B2A6B6C970D}.Debug|Any CPU.ActiveCfg = Debug|Any CPU
		{2F6506EC-5A50-4E23-826C-2B2A6B6C970D}.Debug|Any CPU.Build.0 = Debug|Any CPU
		{2F6506EC-5A50-4E23-826C-2B2A6B6C970D}.Release|Any CPU.ActiveCfg = Release|Any CPU
		{2F6506EC-5A50-4E23-826C-2B2A6B6C970D}.Release|Any CPU.Build.0 = Release|Any CPU
		{B9D68B85-3DC1-4D2E-9F24-5B0C6CC01E2C}.Debug|Any CPU.ActiveCfg = Debug|Any CPU
		{B9D68B85-3DC1-4D2E-9F24-5B0C6CC01E2C}.Debug|Any CPU.Build.0 = Debug|Any CPU
		{B9D68B85-3DC1-4D2E-9F24-5B0C6CC01E2C}.Release|Any CPU.ActiveCfg = Release|Any CPU
		{B9D68B85-3DC1-4D2E-9F24-5B0C6CC01E2C}.Release|Any CPU.Build.0 = Release|Any CPU
	EndGlobalSection
	GlobalSection(SolutionProperties) = preSolution
		HideSolutionNode = FALSE
	EndGlobalSection
	GlobalSection(NestedProjects) = preSolution
		{B9D68B85-3DC1-4D2E-9F24-5B0C6CC01E2C} = {0B584887-2761-4F20-A2BD-C84302111015}
	EndGlobalSection
	GlobalSection(ExtensibilityGlobals) = postSolution
		SolutionGuid = {F49848F2-CCB8-493E-A966-BF779E2F2D29}
	EndGlobalSection
EndGlobal
