
Microsoft Visual Studio Solution File, Format Version 12.00
# Visual Studio Version 17
VisualStudioVersion = 17.4.33205.214
MinimumVisualStudioVersion = 10.0.40219.1
Project("{9A19103F-16F7-4668-BE54-9A1E7A4F7556}") = "iHome", "iHome\iHome.csproj", "{F6E08B63-EA1C-4EC1-8CF5-7C3C0F59E3BD}"
EndProject
Project("{9A19103F-16F7-4668-BE54-9A1E7A4F7556}") = "iHome.Core", "iHome.Core\iHome.Core.csproj", "{11F549E4-78DB-493D-B3CB-C01862198A72}"
EndProject
Project("{9A19103F-16F7-4668-BE54-9A1E7A4F7556}") = "iHome.Infrastructure.Queue", "iHome.Infrastructure.Queue\iHome.Infrastructure.Queue.csproj", "{2F6506EC-5A50-4E23-826C-2B2A6B6C970D}"
EndProject
Project("{9A19103F-16F7-4668-BE54-9A1E7A4F7556}") = "iHome.Core.Tests", "iHome.Core.Tests\iHome.Core.Tests.csproj", "{B9D68B85-3DC1-4D2E-9F24-5B0C6CC01E2C}"
EndProject
Project("{2150E333-8FDC-42A3-9474-1A3956D46DE8}") = "Tests", "Tests", "{0B584887-2761-4F20-A2BD-C84302111015}"
EndProject
Project("{9A19103F-16F7-4668-BE54-9A1E7A4F7556}") = "iHome.Infrastructure.Sql", "iHome.Infrastructure.Sql\iHome.Infrastructure.Sql.csproj", "{38D4D5B4-D1C7-477F-B90C-5935D8048342}"
EndProject
Project("{9A19103F-16F7-4668-BE54-9A1E7A4F7556}") = "iHome.Infrastructure.Firestore", "iHome.Infrastructure.Firestore\iHome.Infrastructure.Firestore.csproj", "{0A2D12EA-B4A3-4DA6-8AA6-80CCA1E2F7DC}"
EndProject
Project("{2150E333-8FDC-42A3-9474-1A3956D46DE8}") = "InfrastructurePackages", "InfrastructurePackages", "{5A425376-077E-46D6-82BE-1DD079769E49}"
EndProject
Project("{9A19103F-16F7-4668-BE54-9A1E7A4F7556}") = "iHome.Infrastructure.Cache", "iHome.Infrastructure.Cache\iHome.Infrastructure.Cache.csproj", "{0859F7CD-4E61-4E3D-8A9B-A06515E773DD}"
EndProject
Project("{9A19103F-16F7-4668-BE54-9A1E7A4F7556}") = "iHome.Infrastructure.Cache.Tests", "iHome.Infrastructure.Cache.Tests\iHome.Infrastructure.Cache.Tests.csproj", "{4E3C7E2A-5507-439E-96B8-973D48ED6297}"
EndProject
Project("{9A19103F-16F7-4668-BE54-9A1E7A4F7556}") = "iHome.Infrastructure.Cache.Extensions", "iHome.Infrastructure.Cache.Extensions\iHome.Infrastructure.Cache.Extensions.csproj", "{4F008D80-3061-482E-B4F2-1FA32A7FC791}"
EndProject
Project("{9A19103F-16F7-4668-BE54-9A1E7A4F7556}") = "iHome.Infrastructure", "iHome.Infrastructure\iHome.Infrastructure.csproj", "{A7DB6FD5-2A83-4E33-A736-D0E8EBE5FEB8}"
EndProject
Project("{9A19103F-16F7-4668-BE54-9A1E7A4F7556}") = "iHome.Features.RoomsList", "iHome.Features.RoomsList\iHome.Features.RoomsList.csproj", "{1A071689-1553-4178-9B2E-4665F06D92C2}"
EndProject
Project("{9A19103F-16F7-4668-BE54-9A1E7A4F7556}") = "iHome.Model", "iHome.Model\iHome.Model.csproj", "{95FCD165-CAF4-4358-B568-039DA98EB805}"
EndProject
Project("{9A19103F-16F7-4668-BE54-9A1E7A4F7556}") = "iHome.Repository", "iHome.Repository\iHome.Repository.csproj", "{6934A1C1-42D3-400E-8D32-00B8C3D64020}"
EndProject
Project("{9A19103F-16F7-4668-BE54-9A1E7A4F7556}") = "iHome.Shared", "iHome.Shared\iHome.Shared.csproj", "{9B7A7DAD-5342-44EB-B90E-42438C309845}"
EndProject
Project("{2150E333-8FDC-42A3-9474-1A3956D46DE8}") = "Features", "Features", "{AD0C90CD-5C11-4F54-9C13-DF3344C766C5}"
EndProject
Project("{9A19103F-16F7-4668-BE54-9A1E7A4F7556}") = "iHome.Features.RoomSharing", "iHome.Features.RoomSharing\iHome.Features.RoomSharing.csproj", "{3532A1A9-4E5D-4096-A242-DF9F66ACCF64}"
EndProject
Project("{9A19103F-16F7-4668-BE54-9A1E7A4F7556}") = "iHome.Features.SchedulesList", "iHome.Features.SchedulesList\iHome.Features.SchedulesList.csproj", "{42CE0C86-8C04-430D-A258-491C8647A8AF}"
EndProject
Project("{FAE04EC0-301F-11D3-BF4B-00C04F79EFBC}") = "iHome.Features.AddSchedule", "iHome.Features.AddSchedule\iHome.Features.AddSchedule.csproj", "{05E6B993-5503-4AED-8B5C-187C52642FB6}"
EndProject
Global
	GlobalSection(SolutionConfigurationPlatforms) = preSolution
		Debug|Any CPU = Debug|Any CPU
		Release|Any CPU = Release|Any CPU
	EndGlobalSection
	GlobalSection(ProjectConfigurationPlatforms) = postSolution
		{F6E08B63-EA1C-4EC1-8CF5-7C3C0F59E3BD}.Debug|Any CPU.ActiveCfg = Debug|Any CPU
		{F6E08B63-EA1C-4EC1-8CF5-7C3C0F59E3BD}.Debug|Any CPU.Build.0 = Debug|Any CPU
		{F6E08B63-EA1C-4EC1-8CF5-7C3C0F59E3BD}.Release|Any CPU.ActiveCfg = Release|Any CPU
		{F6E08B63-EA1C-4EC1-8CF5-7C3C0F59E3BD}.Release|Any CPU.Build.0 = Release|Any CPU
		{11F549E4-78DB-493D-B3CB-C01862198A72}.Debug|Any CPU.ActiveCfg = Debug|Any CPU
		{11F549E4-78DB-493D-B3CB-C01862198A72}.Debug|Any CPU.Build.0 = Debug|Any CPU
		{11F549E4-78DB-493D-B3CB-C01862198A72}.Release|Any CPU.ActiveCfg = Release|Any CPU
		{11F549E4-78DB-493D-B3CB-C01862198A72}.Release|Any CPU.Build.0 = Release|Any CPU
		{2F6506EC-5A50-4E23-826C-2B2A6B6C970D}.Debug|Any CPU.ActiveCfg = Debug|Any CPU
		{2F6506EC-5A50-4E23-826C-2B2A6B6C970D}.Debug|Any CPU.Build.0 = Debug|Any CPU
		{2F6506EC-5A50-4E23-826C-2B2A6B6C970D}.Release|Any CPU.ActiveCfg = Release|Any CPU
		{2F6506EC-5A50-4E23-826C-2B2A6B6C970D}.Release|Any CPU.Build.0 = Release|Any CPU
		{B9D68B85-3DC1-4D2E-9F24-5B0C6CC01E2C}.Debug|Any CPU.ActiveCfg = Debug|Any CPU
		{B9D68B85-3DC1-4D2E-9F24-5B0C6CC01E2C}.Debug|Any CPU.Build.0 = Debug|Any CPU
		{B9D68B85-3DC1-4D2E-9F24-5B0C6CC01E2C}.Release|Any CPU.ActiveCfg = Release|Any CPU
		{B9D68B85-3DC1-4D2E-9F24-5B0C6CC01E2C}.Release|Any CPU.Build.0 = Release|Any CPU
		{38D4D5B4-D1C7-477F-B90C-5935D8048342}.Debug|Any CPU.ActiveCfg = Debug|Any CPU
		{38D4D5B4-D1C7-477F-B90C-5935D8048342}.Debug|Any CPU.Build.0 = Debug|Any CPU
		{38D4D5B4-D1C7-477F-B90C-5935D8048342}.Release|Any CPU.ActiveCfg = Release|Any CPU
		{38D4D5B4-D1C7-477F-B90C-5935D8048342}.Release|Any CPU.Build.0 = Release|Any CPU
		{0A2D12EA-B4A3-4DA6-8AA6-80CCA1E2F7DC}.Debug|Any CPU.ActiveCfg = Debug|Any CPU
		{0A2D12EA-B4A3-4DA6-8AA6-80CCA1E2F7DC}.Debug|Any CPU.Build.0 = Debug|Any CPU
		{0A2D12EA-B4A3-4DA6-8AA6-80CCA1E2F7DC}.Release|Any CPU.ActiveCfg = Release|Any CPU
		{0A2D12EA-B4A3-4DA6-8AA6-80CCA1E2F7DC}.Release|Any CPU.Build.0 = Release|Any CPU
		{0859F7CD-4E61-4E3D-8A9B-A06515E773DD}.Debug|Any CPU.ActiveCfg = Debug|Any CPU
		{0859F7CD-4E61-4E3D-8A9B-A06515E773DD}.Debug|Any CPU.Build.0 = Debug|Any CPU
		{0859F7CD-4E61-4E3D-8A9B-A06515E773DD}.Release|Any CPU.ActiveCfg = Release|Any CPU
		{0859F7CD-4E61-4E3D-8A9B-A06515E773DD}.Release|Any CPU.Build.0 = Release|Any CPU
		{4E3C7E2A-5507-439E-96B8-973D48ED6297}.Debug|Any CPU.ActiveCfg = Debug|Any CPU
		{4E3C7E2A-5507-439E-96B8-973D48ED6297}.Debug|Any CPU.Build.0 = Debug|Any CPU
		{4E3C7E2A-5507-439E-96B8-973D48ED6297}.Release|Any CPU.ActiveCfg = Release|Any CPU
		{4E3C7E2A-5507-439E-96B8-973D48ED6297}.Release|Any CPU.Build.0 = Release|Any CPU
		{4F008D80-3061-482E-B4F2-1FA32A7FC791}.Debug|Any CPU.ActiveCfg = Debug|Any CPU
		{4F008D80-3061-482E-B4F2-1FA32A7FC791}.Debug|Any CPU.Build.0 = Debug|Any CPU
		{4F008D80-3061-482E-B4F2-1FA32A7FC791}.Release|Any CPU.ActiveCfg = Release|Any CPU
		{4F008D80-3061-482E-B4F2-1FA32A7FC791}.Release|Any CPU.Build.0 = Release|Any CPU
		{A7DB6FD5-2A83-4E33-A736-D0E8EBE5FEB8}.Debug|Any CPU.ActiveCfg = Debug|Any CPU
		{A7DB6FD5-2A83-4E33-A736-D0E8EBE5FEB8}.Debug|Any CPU.Build.0 = Debug|Any CPU
		{A7DB6FD5-2A83-4E33-A736-D0E8EBE5FEB8}.Release|Any CPU.ActiveCfg = Release|Any CPU
		{A7DB6FD5-2A83-4E33-A736-D0E8EBE5FEB8}.Release|Any CPU.Build.0 = Release|Any CPU
		{1A071689-1553-4178-9B2E-4665F06D92C2}.Debug|Any CPU.ActiveCfg = Debug|Any CPU
		{1A071689-1553-4178-9B2E-4665F06D92C2}.Debug|Any CPU.Build.0 = Debug|Any CPU
		{1A071689-1553-4178-9B2E-4665F06D92C2}.Release|Any CPU.ActiveCfg = Release|Any CPU
		{1A071689-1553-4178-9B2E-4665F06D92C2}.Release|Any CPU.Build.0 = Release|Any CPU
		{95FCD165-CAF4-4358-B568-039DA98EB805}.Debug|Any CPU.ActiveCfg = Debug|Any CPU
		{95FCD165-CAF4-4358-B568-039DA98EB805}.Debug|Any CPU.Build.0 = Debug|Any CPU
		{95FCD165-CAF4-4358-B568-039DA98EB805}.Release|Any CPU.ActiveCfg = Release|Any CPU
		{95FCD165-CAF4-4358-B568-039DA98EB805}.Release|Any CPU.Build.0 = Release|Any CPU
		{6934A1C1-42D3-400E-8D32-00B8C3D64020}.Debug|Any CPU.ActiveCfg = Debug|Any CPU
		{6934A1C1-42D3-400E-8D32-00B8C3D64020}.Debug|Any CPU.Build.0 = Debug|Any CPU
		{6934A1C1-42D3-400E-8D32-00B8C3D64020}.Release|Any CPU.ActiveCfg = Release|Any CPU
		{6934A1C1-42D3-400E-8D32-00B8C3D64020}.Release|Any CPU.Build.0 = Release|Any CPU
		{9B7A7DAD-5342-44EB-B90E-42438C309845}.Debug|Any CPU.ActiveCfg = Debug|Any CPU
		{9B7A7DAD-5342-44EB-B90E-42438C309845}.Debug|Any CPU.Build.0 = Debug|Any CPU
		{9B7A7DAD-5342-44EB-B90E-42438C309845}.Release|Any CPU.ActiveCfg = Release|Any CPU
		{9B7A7DAD-5342-44EB-B90E-42438C309845}.Release|Any CPU.Build.0 = Release|Any CPU
		{3532A1A9-4E5D-4096-A242-DF9F66ACCF64}.Debug|Any CPU.ActiveCfg = Debug|Any CPU
		{3532A1A9-4E5D-4096-A242-DF9F66ACCF64}.Debug|Any CPU.Build.0 = Debug|Any CPU
		{3532A1A9-4E5D-4096-A242-DF9F66ACCF64}.Release|Any CPU.ActiveCfg = Release|Any CPU
		{3532A1A9-4E5D-4096-A242-DF9F66ACCF64}.Release|Any CPU.Build.0 = Release|Any CPU
		{42CE0C86-8C04-430D-A258-491C8647A8AF}.Debug|Any CPU.ActiveCfg = Debug|Any CPU
		{42CE0C86-8C04-430D-A258-491C8647A8AF}.Debug|Any CPU.Build.0 = Debug|Any CPU
		{42CE0C86-8C04-430D-A258-491C8647A8AF}.Release|Any CPU.ActiveCfg = Release|Any CPU
		{42CE0C86-8C04-430D-A258-491C8647A8AF}.Release|Any CPU.Build.0 = Release|Any CPU
		{05E6B993-5503-4AED-8B5C-187C52642FB6}.Debug|Any CPU.ActiveCfg = Debug|Any CPU
		{05E6B993-5503-4AED-8B5C-187C52642FB6}.Debug|Any CPU.Build.0 = Debug|Any CPU
		{05E6B993-5503-4AED-8B5C-187C52642FB6}.Release|Any CPU.ActiveCfg = Release|Any CPU
		{05E6B993-5503-4AED-8B5C-187C52642FB6}.Release|Any CPU.Build.0 = Release|Any CPU
	EndGlobalSection
	GlobalSection(SolutionProperties) = preSolution
		HideSolutionNode = FALSE
	EndGlobalSection
	GlobalSection(NestedProjects) = preSolution
		{2F6506EC-5A50-4E23-826C-2B2A6B6C970D} = {5A425376-077E-46D6-82BE-1DD079769E49}
		{B9D68B85-3DC1-4D2E-9F24-5B0C6CC01E2C} = {0B584887-2761-4F20-A2BD-C84302111015}
		{38D4D5B4-D1C7-477F-B90C-5935D8048342} = {5A425376-077E-46D6-82BE-1DD079769E49}
		{0A2D12EA-B4A3-4DA6-8AA6-80CCA1E2F7DC} = {5A425376-077E-46D6-82BE-1DD079769E49}
		{0859F7CD-4E61-4E3D-8A9B-A06515E773DD} = {5A425376-077E-46D6-82BE-1DD079769E49}
		{4E3C7E2A-5507-439E-96B8-973D48ED6297} = {0B584887-2761-4F20-A2BD-C84302111015}
		{4F008D80-3061-482E-B4F2-1FA32A7FC791} = {5A425376-077E-46D6-82BE-1DD079769E49}
		{1A071689-1553-4178-9B2E-4665F06D92C2} = {AD0C90CD-5C11-4F54-9C13-DF3344C766C5}
		{3532A1A9-4E5D-4096-A242-DF9F66ACCF64} = {AD0C90CD-5C11-4F54-9C13-DF3344C766C5}
		{42CE0C86-8C04-430D-A258-491C8647A8AF} = {AD0C90CD-5C11-4F54-9C13-DF3344C766C5}
		{05E6B993-5503-4AED-8B5C-187C52642FB6} = {AD0C90CD-5C11-4F54-9C13-DF3344C766C5}
	EndGlobalSection
	GlobalSection(ExtensibilityGlobals) = postSolution
		SolutionGuid = {F49848F2-CCB8-493E-A966-BF779E2F2D29}
	EndGlobalSection
EndGlobal
